{
  "name": "wc-message",
  "version": "1.0.0",
  "lockfileVersion": 1,
  "requires": true,
  "dependencies": {
    "@webcomponents/webcomponentsjs": {
      "version": "2.2.6",
      "resolved": "https://registry.npmjs.org/@webcomponents/webcomponentsjs/-/webcomponentsjs-2.2.6.tgz",
      "integrity": "sha512-TbuyV7hHIq4jMlvQ8pF3C6QNEqFeBX4be9AND5DO8UCRRYcZBpjl1yH9IChbebeWr1QNcK5WlZC3voAlQCdisQ=="
    }
  }
}
